
Microsoft Visual Studio Solution File, Format Version 12.00
# Visual Studio 14
VisualStudioVersion = 14.0.22823.1
MinimumVisualStudioVersion = 10.0.40219.1
Project("{FAE04EC0-301F-11D3-BF4B-00C04F79EFBC}") = "MvcMovie", "MvcMovie\MvcMovie.csproj", "{ECAF24C9-AA46-439B-8B55-7C4F46DCB071}"
EndProject
Global
	GlobalSection(SolutionConfigurationPlatforms) = preSolution
		Debug|Any CPU = Debug|Any CPU
		Release|Any CPU = Release|Any CPU
	EndGlobalSection
	GlobalSection(ProjectConfigurationPlatforms) = postSolution
		{ECAF24C9-AA46-439B-8B55-7C4F46DCB071}.Debug|Any CPU.ActiveCfg = Debug|Any CPU
		{ECAF24C9-AA46-439B-8B55-7C4F46DCB071}.Debug|Any CPU.Build.0 = Debug|Any CPU
		{ECAF24C9-AA46-439B-8B55-7C4F46DCB071}.Release|Any CPU.ActiveCfg = Release|Any CPU
		{ECAF24C9-AA46-439B-8B55-7C4F46DCB071}.Release|Any CPU.Build.0 = Release|Any CPU
	EndGlobalSection
	GlobalSection(SolutionProperties) = preSolution
		HideSolutionNode = FALSE
	EndGlobalSection
EndGlobal
